
Microsoft Visual Studio Solution File, Format Version 12.00
# Visual Studio Version 17
VisualStudioVersion = 17.0.31903.59
MinimumVisualStudioVersion = 10.0.40219.1
Project("{FAE04EC0-301F-11D3-BF4B-00C04F79EFBC}") = "WispCalculator", "src\WispCalculator\WispCalculator.csproj", "{017E9A13-92DA-4230-8D6C-8BA35C0D6318}"
EndProject
Global
	GlobalSection(SolutionConfigurationPlatforms) = preSolution
		Debug|Any CPU = Debug|Any CPU
		Release|Any CPU = Release|Any CPU
	EndGlobalSection
	GlobalSection(ProjectConfigurationPlatforms) = postSolution
		{017E9A13-92DA-4230-8D6C-8BA35C0D6318}.Debug|Any CPU.ActiveCfg = Debug|Any CPU
		{017E9A13-92DA-4230-8D6C-8BA35C0D6318}.Debug|Any CPU.Build.0 = Debug|Any CPU
		{017E9A13-92DA-4230-8D6C-8BA35C0D6318}.Release|Any CPU.ActiveCfg = Release|Any CPU
		{017E9A13-92DA-4230-8D6C-8BA35C0D6318}.Release|Any CPU.Build.0 = Release|Any CPU
	EndGlobalSection
	GlobalSection(SolutionProperties) = preSolution
		HideSolutionNode = FALSE
	EndGlobalSection
	GlobalSection(ExtensibilityGlobals) = postSolution
		SolutionGuid = {7F9183CE-44EC-4508-8834-0C3F8832CEAE}
	EndGlobalSection
EndGlobal
